// !$*UTF8*$!
{
	archiveVersion = 1;
	classes = {
	};
	objectVersion = 56;
	objects = {

/* Begin PBXBuildFile section */
		620BEBCC29A7B89300DAE4FF /* NegotiationApp.swift in Sources */ = {isa = PBXBuildFile; fileRef = 620BEBCB29A7B89300DAE4FF /* NegotiationApp.swift */; };
		620BEBCE29A7B89300DAE4FF /* ContentView.swift in Sources */ = {isa = PBXBuildFile; fileRef = 620BEBCD29A7B89300DAE4FF /* ContentView.swift */; };
		620BEBD029A7B89700DAE4FF /* Assets.xcassets in Resources */ = {isa = PBXBuildFile; fileRef = 620BEBCF29A7B89700DAE4FF /* Assets.xcassets */; };
		620BEBD329A7B89700DAE4FF /* Preview Assets.xcassets in Resources */ = {isa = PBXBuildFile; fileRef = 620BEBD229A7B89700DAE4FF /* Preview Assets.xcassets */; };
		622F29AE29AA984000E1C774 /* BufferCondition.swift in Sources */ = {isa = PBXBuildFile; fileRef = 622F29A929AA983F00E1C774 /* BufferCondition.swift */; };
		622F29AF29AA984000E1C774 /* Support.swift in Sources */ = {isa = PBXBuildFile; fileRef = 622F29A729AA983F00E1C774 /* Support.swift */; };
		622F29B029AA984000E1C774 /* Procedural.swift in Sources */ = {isa = PBXBuildFile; fileRef = 622F29A829AA983F00E1C774 /* Procedural.swift */; };
		622F29B129AA984000E1C774 /* Tokenizer.swift in Sources */ = {isa = PBXBuildFile; fileRef = 622F29A329AA983F00E1C774 /* Tokenizer.swift */; };
		622F29B229AA984000E1C774 /* Chunk.swift in Sources */ = {isa = PBXBuildFile; fileRef = 622F29A629AA983F00E1C774 /* Chunk.swift */; };
		622F29B329AA984000E1C774 /* Parser.swift in Sources */ = {isa = PBXBuildFile; fileRef = 622F29A129AA983E00E1C774 /* Parser.swift */; };
		622F29B429AA984000E1C774 /* Declarative.swift in Sources */ = {isa = PBXBuildFile; fileRef = 622F29A029AA983E00E1C774 /* Declarative.swift */; };
		622F29B529AA984000E1C774 /* SlotAction.swift in Sources */ = {isa = PBXBuildFile; fileRef = 622F29A429AA983F00E1C774 /* SlotAction.swift */; };
		622F29B629AA984000E1C774 /* Production.swift in Sources */ = {isa = PBXBuildFile; fileRef = 622F29AC29AA984000E1C774 /* Production.swift */; };
		622F29B729AA984000E1C774 /* Vision.swift in Sources */ = {isa = PBXBuildFile; fileRef = 622F299F29AA983E00E1C774 /* Vision.swift */; };
		622F29B829AA984000E1C774 /* Instantiation.swift in Sources */ = {isa = PBXBuildFile; fileRef = 622F29AD29AA984000E1C774 /* Instantiation.swift */; };
		622F29B929AA984000E1C774 /* Temporal.swift in Sources */ = {isa = PBXBuildFile; fileRef = 622F29AB29AA983F00E1C774 /* Temporal.swift */; };
		622F29BA29AA984000E1C774 /* SlotCondition.swift in Sources */ = {isa = PBXBuildFile; fileRef = 622F29AA29AA983F00E1C774 /* SlotCondition.swift */; };
		622F29BB29AA984000E1C774 /* Model.swift in Sources */ = {isa = PBXBuildFile; fileRef = 622F29A529AA983F00E1C774 /* Model.swift */; };
		622F29BC29AA984000E1C774 /* BufferAction.swift in Sources */ = {isa = PBXBuildFile; fileRef = 622F29A229AA983E00E1C774 /* BufferAction.swift */; };
		622F29BE29AA998100E1C774 /* NegotiationModel.swift in Sources */ = {isa = PBXBuildFile; fileRef = 622F29BD29AA998100E1C774 /* NegotiationModel.swift */; };
		62A12FB729AA863E00FB7B09 /* ViewModel.swift in Sources */ = {isa = PBXBuildFile; fileRef = 62A12FB629AA863E00FB7B09 /* ViewModel.swift */; };
		62A12FB929AA93ED00FB7B09 /* PublicChunk.swift in Sources */ = {isa = PBXBuildFile; fileRef = 62A12FB829AA93ED00FB7B09 /* PublicChunk.swift */; };
/* End PBXBuildFile section */

/* Begin PBXFileReference section */
		620BEBC829A7B89300DAE4FF /* Negotiation.app */ = {isa = PBXFileReference; explicitFileType = wrapper.application; includeInIndex = 0; path = Negotiation.app; sourceTree = BUILT_PRODUCTS_DIR; };
		620BEBCB29A7B89300DAE4FF /* NegotiationApp.swift */ = {isa = PBXFileReference; lastKnownFileType = sourcecode.swift; path = NegotiationApp.swift; sourceTree = "<group>"; };
		620BEBCD29A7B89300DAE4FF /* ContentView.swift */ = {isa = PBXFileReference; lastKnownFileType = sourcecode.swift; path = ContentView.swift; sourceTree = "<group>"; };
		620BEBCF29A7B89700DAE4FF /* Assets.xcassets */ = {isa = PBXFileReference; lastKnownFileType = folder.assetcatalog; path = Assets.xcassets; sourceTree = "<group>"; };
		620BEBD229A7B89700DAE4FF /* Preview Assets.xcassets */ = {isa = PBXFileReference; lastKnownFileType = folder.assetcatalog; path = "Preview Assets.xcassets"; sourceTree = "<group>"; };
		622F299F29AA983E00E1C774 /* Vision.swift */ = {isa = PBXFileReference; lastKnownFileType = sourcecode.swift; path = Vision.swift; sourceTree = "<group>"; };
		622F29A029AA983E00E1C774 /* Declarative.swift */ = {isa = PBXFileReference; lastKnownFileType = sourcecode.swift; path = Declarative.swift; sourceTree = "<group>"; };
		622F29A129AA983E00E1C774 /* Parser.swift */ = {isa = PBXFileReference; lastKnownFileType = sourcecode.swift; path = Parser.swift; sourceTree = "<group>"; };
		622F29A229AA983E00E1C774 /* BufferAction.swift */ = {isa = PBXFileReference; lastKnownFileType = sourcecode.swift; path = BufferAction.swift; sourceTree = "<group>"; };
		622F29A329AA983F00E1C774 /* Tokenizer.swift */ = {isa = PBXFileReference; lastKnownFileType = sourcecode.swift; path = Tokenizer.swift; sourceTree = "<group>"; };
		622F29A429AA983F00E1C774 /* SlotAction.swift */ = {isa = PBXFileReference; lastKnownFileType = sourcecode.swift; path = SlotAction.swift; sourceTree = "<group>"; };
		622F29A529AA983F00E1C774 /* Model.swift */ = {isa = PBXFileReference; lastKnownFileType = sourcecode.swift; path = Model.swift; sourceTree = "<group>"; };
		622F29A629AA983F00E1C774 /* Chunk.swift */ = {isa = PBXFileReference; lastKnownFileType = sourcecode.swift; path = Chunk.swift; sourceTree = "<group>"; };
		622F29A729AA983F00E1C774 /* Support.swift */ = {isa = PBXFileReference; lastKnownFileType = sourcecode.swift; path = Support.swift; sourceTree = "<group>"; };
		622F29A829AA983F00E1C774 /* Procedural.swift */ = {isa = PBXFileReference; lastKnownFileType = sourcecode.swift; path = Procedural.swift; sourceTree = "<group>"; };
		622F29A929AA983F00E1C774 /* BufferCondition.swift */ = {isa = PBXFileReference; lastKnownFileType = sourcecode.swift; path = BufferCondition.swift; sourceTree = "<group>"; };
		622F29AA29AA983F00E1C774 /* SlotCondition.swift */ = {isa = PBXFileReference; lastKnownFileType = sourcecode.swift; path = SlotCondition.swift; sourceTree = "<group>"; };
		622F29AB29AA983F00E1C774 /* Temporal.swift */ = {isa = PBXFileReference; lastKnownFileType = sourcecode.swift; path = Temporal.swift; sourceTree = "<group>"; };
		622F29AC29AA984000E1C774 /* Production.swift */ = {isa = PBXFileReference; lastKnownFileType = sourcecode.swift; path = Production.swift; sourceTree = "<group>"; };
		622F29AD29AA984000E1C774 /* Instantiation.swift */ = {isa = PBXFileReference; lastKnownFileType = sourcecode.swift; path = Instantiation.swift; sourceTree = "<group>"; };
		622F29BD29AA998100E1C774 /* NegotiationModel.swift */ = {isa = PBXFileReference; lastKnownFileType = sourcecode.swift; path = NegotiationModel.swift; sourceTree = "<group>"; };
		62A12FB629AA863E00FB7B09 /* ViewModel.swift */ = {isa = PBXFileReference; lastKnownFileType = sourcecode.swift; path = ViewModel.swift; sourceTree = "<group>"; };
		62A12FB829AA93ED00FB7B09 /* PublicChunk.swift */ = {isa = PBXFileReference; lastKnownFileType = sourcecode.swift; path = PublicChunk.swift; sourceTree = "<group>"; };
/* End PBXFileReference section */

/* Begin PBXFrameworksBuildPhase section */
		620BEBC529A7B89300DAE4FF /* Frameworks */ = {
			isa = PBXFrameworksBuildPhase;
			buildActionMask = 2147483647;
			files = (
			);
			runOnlyForDeploymentPostprocessing = 0;
		};
/* End PBXFrameworksBuildPhase section */

/* Begin PBXGroup section */
		620BEBBF29A7B89300DAE4FF = {
			isa = PBXGroup;
			children = (
				620BEBCA29A7B89300DAE4FF /* Negotiation */,
				620BEBC929A7B89300DAE4FF /* Products */,
			);
			sourceTree = "<group>";
		};
		620BEBC929A7B89300DAE4FF /* Products */ = {
			isa = PBXGroup;
			children = (
				620BEBC829A7B89300DAE4FF /* Negotiation.app */,
			);
			name = Products;
			sourceTree = "<group>";
		};
		620BEBCA29A7B89300DAE4FF /* Negotiation */ = {
			isa = PBXGroup;
			children = (
				622F299C29AA981E00E1C774 /* ACT-R */,
				620BEBCB29A7B89300DAE4FF /* NegotiationApp.swift */,
				622F29BD29AA998100E1C774 /* NegotiationModel.swift */,
				62A12FB629AA863E00FB7B09 /* ViewModel.swift */,
				620BEBCD29A7B89300DAE4FF /* ContentView.swift */,
				620BEBCF29A7B89700DAE4FF /* Assets.xcassets */,
				620BEBD129A7B89700DAE4FF /* Preview Content */,
			);
			path = Negotiation;
			sourceTree = "<group>";
		};
		620BEBD129A7B89700DAE4FF /* Preview Content */ = {
			isa = PBXGroup;
			children = (
				620BEBD229A7B89700DAE4FF /* Preview Assets.xcassets */,
			);
			path = "Preview Content";
			sourceTree = "<group>";
		};
		622F299C29AA981E00E1C774 /* ACT-R */ = {
			isa = PBXGroup;
			children = (
				62A12FB829AA93ED00FB7B09 /* PublicChunk.swift */,
				622F29A229AA983E00E1C774 /* BufferAction.swift */,
				622F29A929AA983F00E1C774 /* BufferCondition.swift */,
				622F29A629AA983F00E1C774 /* Chunk.swift */,
				622F29A029AA983E00E1C774 /* Declarative.swift */,
				622F29AD29AA984000E1C774 /* Instantiation.swift */,
				622F29A529AA983F00E1C774 /* Model.swift */,
				622F29A129AA983E00E1C774 /* Parser.swift */,
				622F29A829AA983F00E1C774 /* Procedural.swift */,
				622F29AC29AA984000E1C774 /* Production.swift */,
				622F29A429AA983F00E1C774 /* SlotAction.swift */,
				622F29AA29AA983F00E1C774 /* SlotCondition.swift */,
				622F29A729AA983F00E1C774 /* Support.swift */,
				622F29AB29AA983F00E1C774 /* Temporal.swift */,
				622F29A329AA983F00E1C774 /* Tokenizer.swift */,
				622F299F29AA983E00E1C774 /* Vision.swift */,
			);
			path = "ACT-R";
			sourceTree = "<group>";
		};
/* End PBXGroup section */

/* Begin PBXNativeTarget section */
		620BEBC729A7B89300DAE4FF /* Negotiation */ = {
			isa = PBXNativeTarget;
			buildConfigurationList = 620BEBD629A7B89700DAE4FF /* Build configuration list for PBXNativeTarget "Negotiation" */;
			buildPhases = (
				620BEBC429A7B89300DAE4FF /* Sources */,
				620BEBC529A7B89300DAE4FF /* Frameworks */,
				620BEBC629A7B89300DAE4FF /* Resources */,
			);
			buildRules = (
			);
			dependencies = (
			);
			name = Negotiation;
			productName = Negotiation;
			productReference = 620BEBC829A7B89300DAE4FF /* Negotiation.app */;
			productType = "com.apple.product-type.application";
		};
/* End PBXNativeTarget section */

/* Begin PBXProject section */
		620BEBC029A7B89300DAE4FF /* Project object */ = {
			isa = PBXProject;
			attributes = {
				BuildIndependentTargetsInParallel = 1;
				LastSwiftUpdateCheck = 1420;
				LastUpgradeCheck = 1420;
				TargetAttributes = {
					620BEBC729A7B89300DAE4FF = {
						CreatedOnToolsVersion = 14.2;
					};
				};
			};
			buildConfigurationList = 620BEBC329A7B89300DAE4FF /* Build configuration list for PBXProject "Negotiation" */;
			compatibilityVersion = "Xcode 14.0";
			developmentRegion = en;
			hasScannedForEncodings = 0;
			knownRegions = (
				en,
				Base,
			);
			mainGroup = 620BEBBF29A7B89300DAE4FF;
			productRefGroup = 620BEBC929A7B89300DAE4FF /* Products */;
			projectDirPath = "";
			projectRoot = "";
			targets = (
				620BEBC729A7B89300DAE4FF /* Negotiation */,
			);
		};
/* End PBXProject section */

/* Begin PBXResourcesBuildPhase section */
		620BEBC629A7B89300DAE4FF /* Resources */ = {
			isa = PBXResourcesBuildPhase;
			buildActionMask = 2147483647;
			files = (
				620BEBD329A7B89700DAE4FF /* Preview Assets.xcassets in Resources */,
				620BEBD029A7B89700DAE4FF /* Assets.xcassets in Resources */,
			);
			runOnlyForDeploymentPostprocessing = 0;
		};
/* End PBXResourcesBuildPhase section */

/* Begin PBXSourcesBuildPhase section */
		620BEBC429A7B89300DAE4FF /* Sources */ = {
			isa = PBXSourcesBuildPhase;
			buildActionMask = 2147483647;
			files = (
				622F29AE29AA984000E1C774 /* BufferCondition.swift in Sources */,
				622F29B729AA984000E1C774 /* Vision.swift in Sources */,
				62A12FB929AA93ED00FB7B09 /* PublicChunk.swift in Sources */,
				622F29B629AA984000E1C774 /* Production.swift in Sources */,
				622F29B329AA984000E1C774 /* Parser.swift in Sources */,
				622F29B529AA984000E1C774 /* SlotAction.swift in Sources */,
				622F29B429AA984000E1C774 /* Declarative.swift in Sources */,
				622F29B829AA984000E1C774 /* Instantiation.swift in Sources */,
				622F29B029AA984000E1C774 /* Procedural.swift in Sources */,
				622F29BB29AA984000E1C774 /* Model.swift in Sources */,
				620BEBCE29A7B89300DAE4FF /* ContentView.swift in Sources */,
				622F29BC29AA984000E1C774 /* BufferAction.swift in Sources */,
				62A12FB729AA863E00FB7B09 /* ViewModel.swift in Sources */,
				622F29B129AA984000E1C774 /* Tokenizer.swift in Sources */,
				620BEBCC29A7B89300DAE4FF /* NegotiationApp.swift in Sources */,
				622F29BE29AA998100E1C774 /* NegotiationModel.swift in Sources */,
				622F29B929AA984000E1C774 /* Temporal.swift in Sources */,
				622F29AF29AA984000E1C774 /* Support.swift in Sources */,
				622F29B229AA984000E1C774 /* Chunk.swift in Sources */,
				622F29BA29AA984000E1C774 /* SlotCondition.swift in Sources */,
			);
			runOnlyForDeploymentPostprocessing = 0;
		};
/* End PBXSourcesBuildPhase section */

/* Begin XCBuildConfiguration section */
		620BEBD429A7B89700DAE4FF /* Debug */ = {
			isa = XCBuildConfiguration;
			buildSettings = {
				ALWAYS_SEARCH_USER_PATHS = NO;
				CLANG_ANALYZER_NONNULL = YES;
				CLANG_ANALYZER_NUMBER_OBJECT_CONVERSION = YES_AGGRESSIVE;
				CLANG_CXX_LANGUAGE_STANDARD = "gnu++20";
				CLANG_ENABLE_MODULES = YES;
				CLANG_ENABLE_OBJC_ARC = YES;
				CLANG_ENABLE_OBJC_WEAK = YES;
				CLANG_WARN_BLOCK_CAPTURE_AUTORELEASING = YES;
				CLANG_WARN_BOOL_CONVERSION = YES;
				CLANG_WARN_COMMA = YES;
				CLANG_WARN_CONSTANT_CONVERSION = YES;
				CLANG_WARN_DEPRECATED_OBJC_IMPLEMENTATIONS = YES;
				CLANG_WARN_DIRECT_OBJC_ISA_USAGE = YES_ERROR;
				CLANG_WARN_DOCUMENTATION_COMMENTS = YES;
				CLANG_WARN_EMPTY_BODY = YES;
				CLANG_WARN_ENUM_CONVERSION = YES;
				CLANG_WARN_INFINITE_RECURSION = YES;
				CLANG_WARN_INT_CONVERSION = YES;
				CLANG_WARN_NON_LITERAL_NULL_CONVERSION = YES;
				CLANG_WARN_OBJC_IMPLICIT_RETAIN_SELF = YES;
				CLANG_WARN_OBJC_LITERAL_CONVERSION = YES;
				CLANG_WARN_OBJC_ROOT_CLASS = YES_ERROR;
				CLANG_WARN_QUOTED_INCLUDE_IN_FRAMEWORK_HEADER = YES;
				CLANG_WARN_RANGE_LOOP_ANALYSIS = YES;
				CLANG_WARN_STRICT_PROTOTYPES = YES;
				CLANG_WARN_SUSPICIOUS_MOVE = YES;
				CLANG_WARN_UNGUARDED_AVAILABILITY = YES_AGGRESSIVE;
				CLANG_WARN_UNREACHABLE_CODE = YES;
				CLANG_WARN__DUPLICATE_METHOD_MATCH = YES;
				COPY_PHASE_STRIP = NO;
				DEBUG_INFORMATION_FORMAT = dwarf;
				ENABLE_STRICT_OBJC_MSGSEND = YES;
				ENABLE_TESTABILITY = YES;
				GCC_C_LANGUAGE_STANDARD = gnu11;
				GCC_DYNAMIC_NO_PIC = NO;
				GCC_NO_COMMON_BLOCKS = YES;
				GCC_OPTIMIZATION_LEVEL = 0;
				GCC_PREPROCESSOR_DEFINITIONS = (
					"DEBUG=1",
					"$(inherited)",
				);
				GCC_WARN_64_TO_32_BIT_CONVERSION = YES;
				GCC_WARN_ABOUT_RETURN_TYPE = YES_ERROR;
				GCC_WARN_UNDECLARED_SELECTOR = YES;
				GCC_WARN_UNINITIALIZED_AUTOS = YES_AGGRESSIVE;
				GCC_WARN_UNUSED_FUNCTION = YES;
				GCC_WARN_UNUSED_VARIABLE = YES;
				IPHONEOS_DEPLOYMENT_TARGET = 16.2;
				MTL_ENABLE_DEBUG_INFO = INCLUDE_SOURCE;
				MTL_FAST_MATH = YES;
				ONLY_ACTIVE_ARCH = YES;
				SDKROOT = iphoneos;
				SWIFT_ACTIVE_COMPILATION_CONDITIONS = DEBUG;
				SWIFT_OPTIMIZATION_LEVEL = "-Onone";
			};
			name = Debug;
		};
		620BEBD529A7B89700DAE4FF /* Release */ = {
			isa = XCBuildConfiguration;
			buildSettings = {
				ALWAYS_SEARCH_USER_PATHS = NO;
				CLANG_ANALYZER_NONNULL = YES;
				CLANG_ANALYZER_NUMBER_OBJECT_CONVERSION = YES_AGGRESSIVE;
				CLANG_CXX_LANGUAGE_STANDARD = "gnu++20";
				CLANG_ENABLE_MODULES = YES;
				CLANG_ENABLE_OBJC_ARC = YES;
				CLANG_ENABLE_OBJC_WEAK = YES;
				CLANG_WARN_BLOCK_CAPTURE_AUTORELEASING = YES;
				CLANG_WARN_BOOL_CONVERSION = YES;
				CLANG_WARN_COMMA = YES;
				CLANG_WARN_CONSTANT_CONVERSION = YES;
				CLANG_WARN_DEPRECATED_OBJC_IMPLEMENTATIONS = YES;
				CLANG_WARN_DIRECT_OBJC_ISA_USAGE = YES_ERROR;
				CLANG_WARN_DOCUMENTATION_COMMENTS = YES;
				CLANG_WARN_EMPTY_BODY = YES;
				CLANG_WARN_ENUM_CONVERSION = YES;
				CLANG_WARN_INFINITE_RECURSION = YES;
				CLANG_WARN_INT_CONVERSION = YES;
				CLANG_WARN_NON_LITERAL_NULL_CONVERSION = YES;
				CLANG_WARN_OBJC_IMPLICIT_RETAIN_SELF = YES;
				CLANG_WARN_OBJC_LITERAL_CONVERSION = YES;
				CLANG_WARN_OBJC_ROOT_CLASS = YES_ERROR;
				CLANG_WARN_QUOTED_INCLUDE_IN_FRAMEWORK_HEADER = YES;
				CLANG_WARN_RANGE_LOOP_ANALYSIS = YES;
				CLANG_WARN_STRICT_PROTOTYPES = YES;
				CLANG_WARN_SUSPICIOUS_MOVE = YES;
				CLANG_WARN_UNGUARDED_AVAILABILITY = YES_AGGRESSIVE;
				CLANG_WARN_UNREACHABLE_CODE = YES;
				CLANG_WARN__DUPLICATE_METHOD_MATCH = YES;
				COPY_PHASE_STRIP = NO;
				DEBUG_INFORMATION_FORMAT = "dwarf-with-dsym";
				ENABLE_NS_ASSERTIONS = NO;
				ENABLE_STRICT_OBJC_MSGSEND = YES;
				GCC_C_LANGUAGE_STANDARD = gnu11;
				GCC_NO_COMMON_BLOCKS = YES;
				GCC_WARN_64_TO_32_BIT_CONVERSION = YES;
				GCC_WARN_ABOUT_RETURN_TYPE = YES_ERROR;
				GCC_WARN_UNDECLARED_SELECTOR = YES;
				GCC_WARN_UNINITIALIZED_AUTOS = YES_AGGRESSIVE;
				GCC_WARN_UNUSED_FUNCTION = YES;
				GCC_WARN_UNUSED_VARIABLE = YES;
				IPHONEOS_DEPLOYMENT_TARGET = 16.2;
				MTL_ENABLE_DEBUG_INFO = NO;
				MTL_FAST_MATH = YES;
				SDKROOT = iphoneos;
				SWIFT_COMPILATION_MODE = wholemodule;
				SWIFT_OPTIMIZATION_LEVEL = "-O";
				VALIDATE_PRODUCT = YES;
			};
			name = Release;
		};
		620BEBD729A7B89700DAE4FF /* Debug */ = {
			isa = XCBuildConfiguration;
			buildSettings = {
				ASSETCATALOG_COMPILER_APPICON_NAME = AppIcon;
				ASSETCATALOG_COMPILER_GLOBAL_ACCENT_COLOR_NAME = AccentColor;
				CODE_SIGN_STYLE = Automatic;
				CURRENT_PROJECT_VERSION = 1;
				DEVELOPMENT_ASSET_PATHS = "\"Negotiation/Preview Content\"";
				DEVELOPMENT_TEAM = YHBRLA59H3;
				ENABLE_PREVIEWS = YES;
				GENERATE_INFOPLIST_FILE = YES;
				INFOPLIST_KEY_UIApplicationSceneManifest_Generation = YES;
				INFOPLIST_KEY_UIApplicationSupportsIndirectInputEvents = YES;
				INFOPLIST_KEY_UILaunchScreen_Generation = YES;
				INFOPLIST_KEY_UISupportedInterfaceOrientations_iPad = "UIInterfaceOrientationPortrait UIInterfaceOrientationPortraitUpsideDown UIInterfaceOrientationLandscapeLeft UIInterfaceOrientationLandscapeRight";
				INFOPLIST_KEY_UISupportedInterfaceOrientations_iPhone = "UIInterfaceOrientationPortrait UIInterfaceOrientationLandscapeLeft UIInterfaceOrientationLandscapeRight";
				LD_RUNPATH_SEARCH_PATHS = (
					"$(inherited)",
					"@executable_path/Frameworks",
				);
				MARKETING_VERSION = 1.0;
				PRODUCT_BUNDLE_IDENTIFIER = Daniel.Negotiation;
				PRODUCT_NAME = "$(TARGET_NAME)";
				SWIFT_EMIT_LOC_STRINGS = YES;
				SWIFT_VERSION = 5.0;
				TARGETED_DEVICE_FAMILY = "1,2";
			};
			name = Debug;
		};
		620BEBD829A7B89700DAE4FF /* Release */ = {
			isa = XCBuildConfiguration;
			buildSettings = {
				ASSETCATALOG_COMPILER_APPICON_NAME = AppIcon;
				ASSETCATALOG_COMPILER_GLOBAL_ACCENT_COLOR_NAME = AccentColor;
				CODE_SIGN_STYLE = Automatic;
				CURRENT_PROJECT_VERSION = 1;
				DEVELOPMENT_ASSET_PATHS = "\"Negotiation/Preview Content\"";
				DEVELOPMENT_TEAM = YHBRLA59H3;
				ENABLE_PREVIEWS = YES;
				GENERATE_INFOPLIST_FILE = YES;
				INFOPLIST_KEY_UIApplicationSceneManifest_Generation = YES;
				INFOPLIST_KEY_UIApplicationSupportsIndirectInputEvents = YES;
				INFOPLIST_KEY_UILaunchScreen_Generation = YES;
				INFOPLIST_KEY_UISupportedInterfaceOrientations_iPad = "UIInterfaceOrientationPortrait UIInterfaceOrientationPortraitUpsideDown UIInterfaceOrientationLandscapeLeft UIInterfaceOrientationLandscapeRight";
				INFOPLIST_KEY_UISupportedInterfaceOrientations_iPhone = "UIInterfaceOrientationPortrait UIInterfaceOrientationLandscapeLeft UIInterfaceOrientationLandscapeRight";
				LD_RUNPATH_SEARCH_PATHS = (
					"$(inherited)",
					"@executable_path/Frameworks",
				);
				MARKETING_VERSION = 1.0;
				PRODUCT_BUNDLE_IDENTIFIER = Daniel.Negotiation;
				PRODUCT_NAME = "$(TARGET_NAME)";
				SWIFT_EMIT_LOC_STRINGS = YES;
				SWIFT_VERSION = 5.0;
				TARGETED_DEVICE_FAMILY = "1,2";
			};
			name = Release;
		};
/* End XCBuildConfiguration section */

/* Begin XCConfigurationList section */
		620BEBC329A7B89300DAE4FF /* Build configuration list for PBXProject "Negotiation" */ = {
			isa = XCConfigurationList;
			buildConfigurations = (
				620BEBD429A7B89700DAE4FF /* Debug */,
				620BEBD529A7B89700DAE4FF /* Release */,
			);
			defaultConfigurationIsVisible = 0;
			defaultConfigurationName = Release;
		};
		620BEBD629A7B89700DAE4FF /* Build configuration list for PBXNativeTarget "Negotiation" */ = {
			isa = XCConfigurationList;
			buildConfigurations = (
				620BEBD729A7B89700DAE4FF /* Debug */,
				620BEBD829A7B89700DAE4FF /* Release */,
			);
			defaultConfigurationIsVisible = 0;
			defaultConfigurationName = Release;
		};
/* End XCConfigurationList section */
	};
	rootObject = 620BEBC029A7B89300DAE4FF /* Project object */;
}
